
Microsoft Visual Studio Solution File, Format Version 12.00
# Visual Studio Version 17
VisualStudioVersion = 17.10.35013.160
MinimumVisualStudioVersion = 10.0.40219.1
Project("{9A19103F-16F7-4668-BE54-9A1E7A4F7556}") = "BarretsMovies.Api", "BarretsMovies.Api\BarretsMovies.Api.csproj", "{B4A055D0-DBF1-483B-9540-84153BE0DDD2}"
EndProject
Project("{2150E333-8FDC-42A3-9474-1A3956D46DE8}") = "Solution Items", "Solution Items", "{6F8DF8E4-4618-45ED-819B-AFF8AEB53C1F}"
	ProjectSection(SolutionItems) = preProject
		README.md = README.md
	EndProjectSection
EndProject
Global
	GlobalSection(SolutionConfigurationPlatforms) = preSolution
		Debug|Any CPU = Debug|Any CPU
		Release|Any CPU = Release|Any CPU
	EndGlobalSection
	GlobalSection(ProjectConfigurationPlatforms) = postSolution
		{B4A055D0-DBF1-483B-9540-84153BE0DDD2}.Debug|Any CPU.ActiveCfg = Debug|Any CPU
		{B4A055D0-DBF1-483B-9540-84153BE0DDD2}.Debug|Any CPU.Build.0 = Debug|Any CPU
		{B4A055D0-DBF1-483B-9540-84153BE0DDD2}.Release|Any CPU.ActiveCfg = Release|Any CPU
		{B4A055D0-DBF1-483B-9540-84153BE0DDD2}.Release|Any CPU.Build.0 = Release|Any CPU
	EndGlobalSection
	GlobalSection(SolutionProperties) = preSolution
		HideSolutionNode = FALSE
	EndGlobalSection
	GlobalSection(ExtensibilityGlobals) = postSolution
		SolutionGuid = {D5878C43-C99B-41B1-951C-5D99FCA27FCC}
	EndGlobalSection
EndGlobal
